PODS:
  - Brightcove-Player-Core (6.4.4):
    - Brightcove-Player-Core/default (= 6.4.4)
  - Brightcove-Player-Core/default (6.4.4)
  - Brightcove-Player-GoogleCast (6.4.5):
    - Brightcove-Player-Core (= 6.4.4)
    - google-cast-sdk (= 4.4.1)
  - google-cast-sdk (4.4.1):
    - google-cast-sdk/Core (= 4.4.1)
    - Protobuf (~> 3.0)
  - google-cast-sdk/Core (4.4.1):
    - Protobuf (~> 3.0)
  - Protobuf (3.9.0)

DEPENDENCIES:
  - Brightcove-Player-GoogleCast

SPEC REPOS:
  https://github.com/brightcove/BrightcoveSpecs.git:
    - Brightcove-Player-Core
    - Brightcove-Player-GoogleCast
  https://github.com/cocoapods/specs.git:
    - google-cast-sdk
    - Protobuf

SPEC CHECKSUMS:
  Brightcove-Player-Core: 68e5ebe8c801064f46d92525f64753e509245596
  Brightcove-Player-GoogleCast: f24beee93c4a04c35a827f3a2d373ce743bd0f9c
  google-cast-sdk: b4583a1591a94b693be5e913e0ae84447fbd6b9d
  Protobuf: 1097ca58584c8d9be81bfbf2c5ff5975648dd87a

PODFILE CHECKSUM: f887086e829dee2e91a397b6bc5b0d54bcf5c935

COCOAPODS: 1.6.1
